
Microsoft Visual Studio Solution File, Format Version 12.00
# Visual Studio 2013
VisualStudioVersion = 12.0.30501.0
MinimumVisualStudioVersion = 10.0.40219.1
Project("{159641D6-6404-4A2A-AE62-294DE0FE8301}") = "DW_Project_IS", "DW_Project_IS\DW_Project_IS.dtproj", "{A5220E17-0952-4192-82CB-31E0DE4444D2}"
EndProject
Project("{159641D6-6404-4A2A-AE62-294DE0FE8301}") = "DW_Project_IS_2", "DW_Project_IS_2\DW_Project_IS_2.dtproj", "{32A20104-1859-4A60-AD5A-4DFF989A2A2A}"
EndProject
Global
	GlobalSection(SolutionConfigurationPlatforms) = preSolution
		Development|Default = Development|Default
	EndGlobalSection
	GlobalSection(ProjectConfigurationPlatforms) = postSolution
		{A5220E17-0952-4192-82CB-31E0DE4444D2}.Development|Default.ActiveCfg = Development
		{A5220E17-0952-4192-82CB-31E0DE4444D2}.Development|Default.Build.0 = Development
		{32A20104-1859-4A60-AD5A-4DFF989A2A2A}.Development|Default.ActiveCfg = Development
		{32A20104-1859-4A60-AD5A-4DFF989A2A2A}.Development|Default.Build.0 = Development
	EndGlobalSection
	GlobalSection(SolutionProperties) = preSolution
		HideSolutionNode = FALSE
	EndGlobalSection
EndGlobal
